Microsoft Visual Studio Solution File, Format Version 12.00
# Visual Studio Version 17
VisualStudioVersion = 17.14.36212.18
MinimumVisualStudioVersion = 10.0.40219.1
Project("{FAE04EC0-301F-11D3-BF4B-00C04F79EFBC}") = "LoanManagementApp", "LoanManagementApp.csproj", "{5DE134AF-E121-4FD5-B199-61EE6F59CC5C}"
EndProject
Global
	GlobalSection(SolutionConfigurationPlatforms) = preSolution
		Debug|Any CPU = Debug|Any CPU
		Release|Any CPU = Release|Any CPU
	EndGlobalSection
	GlobalSection(ProjectConfigurationPlatforms) = postSolution
		{5DE134AF-E121-4FD5-B199-61EE6F59CC5C}.Debug|Any CPU.ActiveCfg = Debug|Any CPU
		{5DE134AF-E121-4FD5-B199-61EE6F59CC5C}.Debug|Any CPU.Build.0 = Debug|Any CPU
		{5DE134AF-E121-4FD5-B199-61EE6F59CC5C}.Release|Any CPU.ActiveCfg = Release|Any CPU
		{5DE134AF-E121-4FD5-B199-61EE6F59CC5C}.Release|Any CPU.Build.0 = Release|Any CPU
	EndGlobalSection
	GlobalSection(SolutionProperties) = preSolution
		HideSolutionNode = FALSE
	EndGlobalSection
	GlobalSection(ExtensibilityGlobals) = postSolution
		SolutionGuid = {DA47731D-C51A-48CC-AE57-AA72CD2CD0D6}
	EndGlobalSection
EndGlobal
