
Microsoft Visual Studio Solution File, Format Version 12.00
# Visual Studio Version 17
VisualStudioVersion = 17.14.36202.13 d17.14
MinimumVisualStudioVersion = 10.0.40219.1
Project("{FAE04EC0-301F-11D3-BF4B-00C04F79EFBC}") = "Loan_application_service", "Loan_application_service.csproj", "{DFB1833B-1AFB-53E3-6B75-B893CF8DC0A3}"
EndProject
Global
	GlobalSection(SolutionConfigurationPlatforms) = preSolution
		Debug|Any CPU = Debug|Any CPU
		Release|Any CPU = Release|Any CPU
	EndGlobalSection
	GlobalSection(ProjectConfigurationPlatforms) = postSolution
		{DFB1833B-1AFB-53E3-6B75-B893CF8DC0A3}.Debug|Any CPU.ActiveCfg = Debug|Any CPU
		{DFB1833B-1AFB-53E3-6B75-B893CF8DC0A3}.Debug|Any CPU.Build.0 = Debug|Any CPU
		{DFB1833B-1AFB-53E3-6B75-B893CF8DC0A3}.Release|Any CPU.ActiveCfg = Release|Any CPU
		{DFB1833B-1AFB-53E3-6B75-B893CF8DC0A3}.Release|Any CPU.Build.0 = Release|Any CPU
	EndGlobalSection
	GlobalSection(SolutionProperties) = preSolution
		HideSolutionNode = FALSE
	EndGlobalSection
	GlobalSection(ExtensibilityGlobals) = postSolution
		SolutionGuid = {24893C16-9E28-423C-9911-33C0E11FC0CF}
	EndGlobalSection
EndGlobal
