
Microsoft Visual Studio Solution File, Format Version 12.00
# Visual Studio Version 17
VisualStudioVersion = 17.14.36202.13
MinimumVisualStudioVersion = 10.0.40219.1
Project("{FAE04EC0-301F-11D3-BF4B-00C04F79EFBC}") = "LoanApplicationService.Web", "LoanApplicationService.Web.csproj", "{DFB1833B-1AFB-53E3-6B75-B893CF8DC0A3}"
EndProject
Project("{FAE04EC0-301F-11D3-BF4B-00C04F79EFBC}") = "LoanApplicationService.Core", "..\LoanApplicationService.Core\LoanApplicationService.Core.csproj", "{74BBBB0A-D9EC-458D-80C4-7E48C37B899B}"
EndProject
Project("{FAE04EC0-301F-11D3-BF4B-00C04F79EFBC}") = "LoanApplicationService.Service", "..\LoanApplicationService.Service\LoanApplicationService.Service.csproj", "{18A2C616-B9A8-40BC-9ADB-F22A83C2242B}"
EndProject
Global
	GlobalSection(SolutionConfigurationPlatforms) = preSolution
		Debug|Any CPU = Debug|Any CPU
		Release|Any CPU = Release|Any CPU
	EndGlobalSection
	GlobalSection(ProjectConfigurationPlatforms) = postSolution
		{DFB1833B-1AFB-53E3-6B75-B893CF8DC0A3}.Debug|Any CPU.ActiveCfg = Debug|Any CPU
		{DFB1833B-1AFB-53E3-6B75-B893CF8DC0A3}.Debug|Any CPU.Build.0 = Debug|Any CPU
		{DFB1833B-1AFB-53E3-6B75-B893CF8DC0A3}.Release|Any CPU.ActiveCfg = Release|Any CPU
		{DFB1833B-1AFB-53E3-6B75-B893CF8DC0A3}.Release|Any CPU.Build.0 = Release|Any CPU
		{74BBBB0A-D9EC-458D-80C4-7E48C37B899B}.Debug|Any CPU.ActiveCfg = Debug|Any CPU
		{74BBBB0A-D9EC-458D-80C4-7E48C37B899B}.Debug|Any CPU.Build.0 = Debug|Any CPU
		{74BBBB0A-D9EC-458D-80C4-7E48C37B899B}.Release|Any CPU.ActiveCfg = Release|Any CPU
		{74BBBB0A-D9EC-458D-80C4-7E48C37B899B}.Release|Any CPU.Build.0 = Release|Any CPU
		{18A2C616-B9A8-40BC-9ADB-F22A83C2242B}.Debug|Any CPU.ActiveCfg = Debug|Any CPU
		{18A2C616-B9A8-40BC-9ADB-F22A83C2242B}.Debug|Any CPU.Build.0 = Debug|Any CPU
		{18A2C616-B9A8-40BC-9ADB-F22A83C2242B}.Release|Any CPU.ActiveCfg = Release|Any CPU
		{18A2C616-B9A8-40BC-9ADB-F22A83C2242B}.Release|Any CPU.Build.0 = Release|Any CPU
	EndGlobalSection
	GlobalSection(SolutionProperties) = preSolution
		HideSolutionNode = FALSE
	EndGlobalSection
	GlobalSection(ExtensibilityGlobals) = postSolution
		SolutionGuid = {4C6A8C7D-B95D-49A5-BAAF-C4AFD4E42E4C}
	EndGlobalSection
EndGlobal
